
Microsoft Visual Studio Solution File, Format Version 12.00
Project("{FAE04EC0-301F-11D3-BF4B-00C04F79EFBC}") = "WebApi", "WebApi\WebApi.csproj", "{BE496F11-090A-47A4-B064-485C034693A5}"
EndProject
Project("{FAE04EC0-301F-11D3-BF4B-00C04F79EFBC}") = "DataAccess", "DataAccess\DataAccess.csproj", "{847606A8-AC6E-48FA-8DC7-526B3D7A0818}"
EndProject
Project("{FAE04EC0-301F-11D3-BF4B-00C04F79EFBC}") = "BusinessLogic", "BusinessLogic\BusinessLogic.csproj", "{E8A73A6A-1F25-4A4A-A649-6A88183F8D42}"
EndProject
Global
	GlobalSection(SolutionConfigurationPlatforms) = preSolution
		Debug|Any CPU = Debug|Any CPU
		Release|Any CPU = Release|Any CPU
	EndGlobalSection
	GlobalSection(ProjectConfigurationPlatforms) = postSolution
		{BE496F11-090A-47A4-B064-485C034693A5}.Debug|Any CPU.ActiveCfg = Debug|Any CPU
		{BE496F11-090A-47A4-B064-485C034693A5}.Debug|Any CPU.Build.0 = Debug|Any CPU
		{BE496F11-090A-47A4-B064-485C034693A5}.Release|Any CPU.ActiveCfg = Release|Any CPU
		{BE496F11-090A-47A4-B064-485C034693A5}.Release|Any CPU.Build.0 = Release|Any CPU
		{847606A8-AC6E-48FA-8DC7-526B3D7A0818}.Debug|Any CPU.ActiveCfg = Debug|Any CPU
		{847606A8-AC6E-48FA-8DC7-526B3D7A0818}.Debug|Any CPU.Build.0 = Debug|Any CPU
		{847606A8-AC6E-48FA-8DC7-526B3D7A0818}.Release|Any CPU.ActiveCfg = Release|Any CPU
		{847606A8-AC6E-48FA-8DC7-526B3D7A0818}.Release|Any CPU.Build.0 = Release|Any CPU
		{E8A73A6A-1F25-4A4A-A649-6A88183F8D42}.Debug|Any CPU.ActiveCfg = Debug|Any CPU
		{E8A73A6A-1F25-4A4A-A649-6A88183F8D42}.Debug|Any CPU.Build.0 = Debug|Any CPU
		{E8A73A6A-1F25-4A4A-A649-6A88183F8D42}.Release|Any CPU.ActiveCfg = Release|Any CPU
		{E8A73A6A-1F25-4A4A-A649-6A88183F8D42}.Release|Any CPU.Build.0 = Release|Any CPU
	EndGlobalSection
EndGlobal
